
Microsoft Visual Studio Solution File, Format Version 12.00
# Visual Studio Version 17
VisualStudioVersion = 17.7.34221.43
MinimumVisualStudioVersion = 10.0.40219.1
Project("{FAE04EC0-301F-11D3-BF4B-00C04F79EFBC}") = "TutorBuoi1", "TutorBuoi1\TutorBuoi1.csproj", "{E4697AF3-439B-4A47-8745-29B5B9DD844D}"
EndProject
Global
	GlobalSection(SolutionConfigurationPlatforms) = preSolution
		Debug|Any CPU = Debug|Any CPU
		Release|Any CPU = Release|Any CPU
	EndGlobalSection
	GlobalSection(ProjectConfigurationPlatforms) = postSolution
		{E4697AF3-439B-4A47-8745-29B5B9DD844D}.Debug|Any CPU.ActiveCfg = Debug|Any CPU
		{E4697AF3-439B-4A47-8745-29B5B9DD844D}.Debug|Any CPU.Build.0 = Debug|Any CPU
		{E4697AF3-439B-4A47-8745-29B5B9DD844D}.Release|Any CPU.ActiveCfg = Release|Any CPU
		{E4697AF3-439B-4A47-8745-29B5B9DD844D}.Release|Any CPU.Build.0 = Release|Any CPU
	EndGlobalSection
	GlobalSection(SolutionProperties) = preSolution
		HideSolutionNode = FALSE
	EndGlobalSection
	GlobalSection(ExtensibilityGlobals) = postSolution
		SolutionGuid = {A02CC153-E815-4E1D-A50F-40329F1C9AC3}
	EndGlobalSection
EndGlobal
